<?xml version="1.0" encoding="utf-8"?>
<Project ToolsVersion="4.0" xmlns="http://schemas.microsoft.com/developer/msbuild/2003">
  <ItemGroup>
    <Filter Include="GameBase">
      <UniqueIdentifier>{4f5f7e5e-f96b-479b-a6be-5d428c4659c3}</UniqueIdentifier>
    </Filter>
    <Filter Include="GameBase\Source">
      <UniqueIdentifier>{59e78dc2-36d2-4bb9-94c8-1b66939c4148}</UniqueIdentifier>
    </Filter>
    <Filter Include="Resources">
      <UniqueIdentifier>{67DA6AB6-F800-4c08-8B7A-83BB121AAD01}</UniqueIdentifier>
      <Extensions>rc;ico;cur;bmp;dlg;rc2;rct;bin;rgs;gif;jpg;jpeg;jpe;resx;tiff;tif;png;wav;mfcribbon-ms</Extensions>
    </Filter>
    <Filter Include="GameBase\Headers">
      <UniqueIdentifier>{8cf8eb7d-87d3-491d-86d5-f86d25903c2a}</UniqueIdentifier>
    </Filter>
    <Filter Include="Helper Libs">
      <UniqueIdentifier>{139fbd60-2629-41c4-af4c-bfcd3c49b849}</UniqueIdentifier>
    </Filter>
    <Filter Include="Helper Libs\Headers">
      <UniqueIdentifier>{a39ec412-c28a-4194-a948-98455564184b}</UniqueIdentifier>
    </Filter>
    <Filter Include="Helper Libs\Source">
      <UniqueIdentifier>{2ae95b18-856e-4590-a08e-2aba2bf3f770}</UniqueIdentifier>
    </Filter>
    <Filter Include="GameRendering">
      <UniqueIdentifier>{3b122125-dcd7-436c-bffb-4911a2fb5cdb}</UniqueIdentifier>
    </Filter>
    <Filter Include="GameRendering\Headers">
      <UniqueIdentifier>{3b5ad629-80d2-4c48-9af6-f5029a667948}</UniqueIdentifier>
    </Filter>
    <Filter Include="GameRendering\Source">
      <UniqueIdentifier>{39f531e4-a4a8-4279-aa47-b756fd9598b2}</UniqueIdentifier>
    </Filter>
    <Filter Include="GameDefinitions">
      <UniqueIdentifier>{7a37316f-7d93-43cb-99e3-190ad244bcec}</UniqueIdentifier>
    </Filter>
    <Filter Include="GameObjects">
      <UniqueIdentifier>{04c71db6-6d55-4a71-a089-e9f9e709e8c3}</UniqueIdentifier>
    </Filter>
    <Filter Include="GameObjects\Entities">
      <UniqueIdentifier>{6f001fa9-66fd-41d3-8c0d-fac347901fff}</UniqueIdentifier>
    </Filter>
    <Filter Include="GameObjects\Entities\Headers">
      <UniqueIdentifier>{226ac7e7-3c9a-4edb-ad6d-97c97c9448a3}</UniqueIdentifier>
    </Filter>
    <Filter Include="GameObjects\Entities\Source">
      <UniqueIdentifier>{62abc5c1-640a-4f3f-9345-7d1aa5017f33}</UniqueIdentifier>
    </Filter>
    <Filter Include="GameObjects\Behaviors">
      <UniqueIdentifier>{53fa6f51-2d00-4be6-854a-805461c3dab4}</UniqueIdentifier>
    </Filter>
    <Filter Include="GameObjects\Behaviors\Headers">
      <UniqueIdentifier>{af7bc473-01a2-4e0b-8afb-4352bbb8c7b9}</UniqueIdentifier>
    </Filter>
    <Filter Include="GameObjects\Behaviors\Source">
      <UniqueIdentifier>{51529998-4cfb-441e-a264-68ca7ded94d8}</UniqueIdentifier>
    </Filter>
    <Filter Include="GameAudio">
      <UniqueIdentifier>{6ebcade3-0f47-4539-a569-2bbcf603c956}</UniqueIdentifier>
    </Filter>
    <Filter Include="GameAudio\Headers">
      <UniqueIdentifier>{1e6c9e25-22ef-4b8a-a5b6-80456ca5ddaf}</UniqueIdentifier>
    </Filter>
    <Filter Include="GameAudio\Source">
      <UniqueIdentifier>{cd459cef-e452-4d09-ba79-0c9089d76076}</UniqueIdentifier>
    </Filter>
    <Filter Include="GameObjects\Pickups">
      <UniqueIdentifier>{0b4ddb46-c3dd-4af9-a6ba-de8d94ddbdb7}</UniqueIdentifier>
    </Filter>
    <Filter Include="GameObjects\Pickups\Headers">
      <UniqueIdentifier>{bb9017b6-6b0d-4ba4-a325-5266ca7c3994}</UniqueIdentifier>
    </Filter>
    <Filter Include="GameObjects\Pickups\Source">
      <UniqueIdentifier>{bfe78ae0-3ac6-4a75-a405-60ad1ba60a1b}</UniqueIdentifier>
    </Filter>
  </ItemGroup>
  <ItemGroup>
    <ClCompile Include="Behavior.cpp">
      <Filter>GameBase\Source</Filter>
    </ClCompile>
    <ClCompile Include="Entity.cpp">
      <Filter>GameBase\Source</Filter>
    </ClCompile>
    <ClCompile Include="GameManager.cpp">
      <Filter>GameBase\Source</Filter>
    </ClCompile>
    <ClCompile Include="Main.cpp" />
    <ClCompile Include="texture.cpp">
      <Filter>Helper Libs\Source</Filter>
    </ClCompile>
    <ClCompile Include="Vector.cpp">
      <Filter>Helper Libs\Source</Filter>
    </ClCompile>
    <ClCompile Include="Level.cpp">
      <Filter>GameBase\Source</Filter>
    </ClCompile>
    <ClCompile Include="Player.cpp">
      <Filter>GameObjects\Entities\Source</Filter>
    </ClCompile>
    <ClCompile Include="ControllableBehavior.cpp">
      <Filter>GameObjects\Behaviors\Source</Filter>
    </ClCompile>
    <ClCompile Include="Input.cpp">
      <Filter>GameBase\Source</Filter>
    </ClCompile>
    <ClCompile Include="HelperOperations.cpp">
      <Filter>Helper Libs\Source</Filter>
    </ClCompile>
    <ClCompile Include="EnemySoldier.cpp">
      <Filter>GameObjects\Entities\Source</Filter>
    </ClCompile>
    <ClCompile Include="Character.cpp">
      <Filter>GameObjects\Entities\Source</Filter>
    </ClCompile>
    <ClCompile Include="Rect.cpp">
      <Filter>GameBase\Source</Filter>
    </ClCompile>
    <ClCompile Include="Log.cpp">
      <Filter>GameBase\Source</Filter>
    </ClCompile>
    <ClCompile Include="TextureInfo.cpp">
      <Filter>GameRendering\Source</Filter>
    </ClCompile>
    <ClCompile Include="Renderer.cpp">
      <Filter>GameRendering\Source</Filter>
    </ClCompile>
    <ClCompile Include="Window.cpp">
      <Filter>GameRendering\Source</Filter>
    </ClCompile>
    <ClCompile Include="Camera.cpp">
      <Filter>GameRendering\Source</Filter>
    </ClCompile>
    <ClCompile Include="glprint.cpp">
      <Filter>Helper Libs\Source</Filter>
    </ClCompile>
    <ClCompile Include="Shot.cpp">
      <Filter>GameObjects\Entities\Source</Filter>
    </ClCompile>
    <ClCompile Include="EnemyBehavior.cpp">
      <Filter>GameObjects\Behaviors\Source</Filter>
    </ClCompile>
    <ClCompile Include="ShotBehavior.cpp">
      <Filter>GameObjects\Behaviors\Source</Filter>
    </ClCompile>
    <ClCompile Include="AudioPlayer.cpp">
      <Filter>GameAudio\Source</Filter>
    </ClCompile>
    <ClCompile Include="Pickup.cpp">
      <Filter>GameObjects\Pickups\Source</Filter>
    </ClCompile>
    <ClCompile Include="HealthPickup.cpp">
      <Filter>GameObjects\Pickups\Source</Filter>
    </ClCompile>
    <ClCompile Include="AmmoPickup.cpp">
      <Filter>GameObjects\Pickups\Source</Filter>
    </ClCompile>
    <ClCompile Include="ScorePickup.cpp">
      <Filter>GameObjects\Pickups\Source</Filter>
    </ClCompile>
    <ClCompile Include="EndLevel.cpp">
      <Filter>GameObjects\Entities\Source</Filter>
    </ClCompile>
    <ClCompile Include="tinyxml2.cpp">
      <Filter>Helper Libs\Source</Filter>
    </ClCompile>
    <ClCompile Include="StringHelper.cpp">
      <Filter>Helper Libs\Source</Filter>
    </ClCompile>
  </ItemGroup>
  <ItemGroup>
    <ClInclude Include="Behavior.h">
      <Filter>GameBase\Headers</Filter>
    </ClInclude>
    <ClInclude Include="Entity.h">
      <Filter>GameBase\Headers</Filter>
    </ClInclude>
    <ClInclude Include="GameManager.h">
      <Filter>GameBase\Headers</Filter>
    </ClInclude>
    <ClInclude Include="texture.h">
      <Filter>Helper Libs\Headers</Filter>
    </ClInclude>
    <ClInclude Include="glext.h">
      <Filter>Helper Libs\Headers</Filter>
    </ClInclude>
    <ClInclude Include="Vector.h">
      <Filter>Helper Libs\Headers</Filter>
    </ClInclude>
    <ClInclude Include="Level.h">
      <Filter>GameBase\Headers</Filter>
    </ClInclude>
    <ClInclude Include="Player.h">
      <Filter>GameObjects\Entities\Headers</Filter>
    </ClInclude>
    <ClInclude Include="ControllableBehavior.h">
      <Filter>GameObjects\Behaviors\Headers</Filter>
    </ClInclude>
    <ClInclude Include="Input.h">
      <Filter>GameBase\Headers</Filter>
    </ClInclude>
    <ClInclude Include="HelperOperations.h">
      <Filter>Helper Libs\Headers</Filter>
    </ClInclude>
    <ClInclude Include="EnemySoldier.h">
      <Filter>GameObjects\Entities\Headers</Filter>
    </ClInclude>
    <ClInclude Include="Character.h">
      <Filter>GameObjects\Entities\Headers</Filter>
    </ClInclude>
    <ClInclude Include="Rect.h">
      <Filter>GameBase\Headers</Filter>
    </ClInclude>
    <ClInclude Include="Log.h">
      <Filter>GameBase\Headers</Filter>
    </ClInclude>
    <ClInclude Include="Renderer.h">
      <Filter>GameRendering\Headers</Filter>
    </ClInclude>
    <ClInclude Include="TextureInfo.h">
      <Filter>GameRendering\Headers</Filter>
    </ClInclude>
    <ClInclude Include="Window.h">
      <Filter>GameRendering\Headers</Filter>
    </ClInclude>
    <ClInclude Include="Camera.h">
      <Filter>GameRendering\Headers</Filter>
    </ClInclude>
    <ClInclude Include="Parameters.h">
      <Filter>GameDefinitions</Filter>
    </ClInclude>
    <ClInclude Include="Definitions.h">
      <Filter>GameDefinitions</Filter>
    </ClInclude>
    <ClInclude Include="glprint.h">
      <Filter>Helper Libs\Headers</Filter>
    </ClInclude>
    <ClInclude Include="Shot.h">
      <Filter>GameObjects\Entities\Headers</Filter>
    </ClInclude>
    <ClInclude Include="EnemyBehavior.h">
      <Filter>GameObjects\Behaviors\Headers</Filter>
    </ClInclude>
    <ClInclude Include="ShotBehavior.h">
      <Filter>GameObjects\Behaviors\Headers</Filter>
    </ClInclude>
    <ClInclude Include="StringHelper.h">
      <Filter>Helper Libs\Headers</Filter>
    </ClInclude>
    <ClInclude Include="AudioPlayer.h">
      <Filter>GameAudio\Headers</Filter>
    </ClInclude>
    <ClInclude Include="Pickup.h">
      <Filter>GameObjects\Pickups\Headers</Filter>
    </ClInclude>
    <ClInclude Include="HealthPickup.h">
      <Filter>GameObjects\Pickups\Headers</Filter>
    </ClInclude>
    <ClInclude Include="AmmoPickup.h">
      <Filter>GameObjects\Pickups\Headers</Filter>
    </ClInclude>
    <ClInclude Include="ScorePickup.h">
      <Filter>GameObjects\Pickups\Headers</Filter>
    </ClInclude>
    <ClInclude Include="EndLevel.h">
      <Filter>GameObjects\Entities\Headers</Filter>
    </ClInclude>
    <ClInclude Include="tinyxml2.h">
      <Filter>Helper Libs\Headers</Filter>
    </ClInclude>
  </ItemGroup>
</Project>