<?xml version="1.0" encoding="utf-8"?>
<Project ToolsVersion="4.0" xmlns="http://schemas.microsoft.com/developer/msbuild/2003">
  <ItemGroup>
    <Filter Include="GameBase">
      <UniqueIdentifier>{4f5f7e5e-f96b-479b-a6be-5d428c4659c3}</UniqueIdentifier>
    </Filter>
    <Filter Include="GameBase\Source">
      <UniqueIdentifier>{59e78dc2-36d2-4bb9-94c8-1b66939c4148}</UniqueIdentifier>
    </Filter>
    <Filter Include="Resources">
      <UniqueIdentifier>{67DA6AB6-F800-4c08-8B7A-83BB121AAD01}</UniqueIdentifier>
      <Extensions>rc;ico;cur;bmp;dlg;rc2;rct;bin;rgs;gif;jpg;jpeg;jpe;resx;tiff;tif;png;wav;mfcribbon-ms</Extensions>
    </Filter>
    <Filter Include="Testing">
      <UniqueIdentifier>{f1b279b6-6a8f-4997-8fac-18200a7a91e6}</UniqueIdentifier>
    </Filter>
    <Filter Include="Testing\Headers">
      <UniqueIdentifier>{ed86de6e-f5b5-41d8-b326-7247810b815b}</UniqueIdentifier>
    </Filter>
    <Filter Include="Testing\Source">
      <UniqueIdentifier>{a2a60b87-d00b-4fb5-9826-24b7a997165b}</UniqueIdentifier>
    </Filter>
    <Filter Include="Graflix">
      <UniqueIdentifier>{139fbd60-2629-41c4-af4c-bfcd3c49b849}</UniqueIdentifier>
    </Filter>
    <Filter Include="Graflix\Headers">
      <UniqueIdentifier>{a39ec412-c28a-4194-a948-98455564184b}</UniqueIdentifier>
    </Filter>
    <Filter Include="Graflix\Source">
      <UniqueIdentifier>{2ae95b18-856e-4590-a08e-2aba2bf3f770}</UniqueIdentifier>
    </Filter>
    <Filter Include="GameBase\Headers">
      <UniqueIdentifier>{8cf8eb7d-87d3-491d-86d5-f86d25903c2a}</UniqueIdentifier>
    </Filter>
  </ItemGroup>
  <ItemGroup>
    <ClCompile Include="Behavior.cpp">
      <Filter>GameBase\Source</Filter>
    </ClCompile>
    <ClCompile Include="Entity.cpp">
      <Filter>GameBase\Source</Filter>
    </ClCompile>
    <ClCompile Include="GameManager.cpp">
      <Filter>GameBase\Source</Filter>
    </ClCompile>
    <ClCompile Include="Window.cpp">
      <Filter>GameBase\Source</Filter>
    </ClCompile>
    <ClCompile Include="Main.cpp" />
    <ClCompile Include="Renderer.cpp">
      <Filter>GameBase\Source</Filter>
    </ClCompile>
    <ClCompile Include="TestEntity.cpp">
      <Filter>Testing\Source</Filter>
    </ClCompile>
    <ClCompile Include="texture.cpp">
      <Filter>Graflix\Source</Filter>
    </ClCompile>
    <ClCompile Include="Vector.cpp">
      <Filter>Graflix\Source</Filter>
    </ClCompile>
    <ClCompile Include="TextureInfo.cpp">
      <Filter>GameBase\Source</Filter>
    </ClCompile>
    <ClCompile Include="Camera.cpp">
      <Filter>GameBase\Source</Filter>
    </ClCompile>
    <ClCompile Include="TestMain.cpp" />
    <ClCompile Include="TestEntity2.cpp">
      <Filter>Testing\Source</Filter>
    </ClCompile>
  </ItemGroup>
  <ItemGroup>
    <ClInclude Include="Behavior.h">
      <Filter>GameBase\Headers</Filter>
    </ClInclude>
    <ClInclude Include="Entity.h">
      <Filter>GameBase\Headers</Filter>
    </ClInclude>
    <ClInclude Include="GameManager.h">
      <Filter>GameBase\Headers</Filter>
    </ClInclude>
    <ClInclude Include="Window.h">
      <Filter>GameBase\Headers</Filter>
    </ClInclude>
    <ClInclude Include="Renderer.h">
      <Filter>GameBase\Headers</Filter>
    </ClInclude>
    <ClInclude Include="TestEntity.h">
      <Filter>Testing\Headers</Filter>
    </ClInclude>
    <ClInclude Include="texture.h">
      <Filter>Graflix\Headers</Filter>
    </ClInclude>
    <ClInclude Include="glext.h">
      <Filter>Graflix\Headers</Filter>
    </ClInclude>
    <ClInclude Include="Vector.h">
      <Filter>Graflix\Headers</Filter>
    </ClInclude>
    <ClInclude Include="TextureInfo.h">
      <Filter>GameBase\Headers</Filter>
    </ClInclude>
    <ClInclude Include="Camera.h">
      <Filter>GameBase\Headers</Filter>
    </ClInclude>
    <ClInclude Include="TestEntity2.h">
      <Filter>Testing\Headers</Filter>
    </ClInclude>
  </ItemGroup>
</Project>